
Microsoft Visual Studio Solution File, Format Version 12.00
# Visual Studio Version 17
VisualStudioVersion = 17.9.34902.65
MinimumVisualStudioVersion = 10.0.40219.1
Project("{9A19103F-16F7-4668-BE54-9A1E7A4F7556}") = "NetworkInfoAPI", "NetworkInfoAPI.csproj", "{55D423A2-8A68-4A33-8331-70E80DA784DE}"
EndProject
Global
	GlobalSection(SolutionConfigurationPlatforms) = preSolution
		Debug|Any CPU = Debug|Any CPU
		Debug|x64 = Debug|x64
		Release|Any CPU = Release|Any CPU
		Release|x64 = Release|x64
	EndGlobalSection
	GlobalSection(ProjectConfigurationPlatforms) = postSolution
		{55D423A2-8A68-4A33-8331-70E80DA784DE}.Debug|Any CPU.ActiveCfg = Debug|Any CPU
		{55D423A2-8A68-4A33-8331-70E80DA784DE}.Debug|Any CPU.Build.0 = Debug|Any CPU
		{55D423A2-8A68-4A33-8331-70E80DA784DE}.Debug|x64.ActiveCfg = Debug|x64
		{55D423A2-8A68-4A33-8331-70E80DA784DE}.Debug|x64.Build.0 = Debug|x64
		{55D423A2-8A68-4A33-8331-70E80DA784DE}.Release|Any CPU.ActiveCfg = Release|Any CPU
		{55D423A2-8A68-4A33-8331-70E80DA784DE}.Release|Any CPU.Build.0 = Release|Any CPU
		{55D423A2-8A68-4A33-8331-70E80DA784DE}.Release|x64.ActiveCfg = Release|x64
		{55D423A2-8A68-4A33-8331-70E80DA784DE}.Release|x64.Build.0 = Release|x64
	EndGlobalSection
	GlobalSection(SolutionProperties) = preSolution
		HideSolutionNode = FALSE
	EndGlobalSection
	GlobalSection(ExtensibilityGlobals) = postSolution
		SolutionGuid = {52A78ACF-E268-40E4-A2FC-8A083DA0464B}
	EndGlobalSection
EndGlobal
